# THIS IS AN AUTOGENERATED FILE. DO NOT EDIT THIS FILE DIRECTLY.
# yarn lockfile v1


"@babel/runtime@^7.3.1", "@babel/runtime@^7.4.4", "@babel/runtime@^7.5.5", "@babel/runtime@^7.6.2", "@babel/runtime@^7.6.3":
  version "7.8.4"
  resolved "https://registry.yarnpkg.com/@babel/runtime/-/runtime-7.8.4.tgz#d79f5a2040f7caa24d53e563aad49cbc05581308"
  integrity sha512-neAp3zt80trRVBI1x0azq6c57aNBqYZH8KhMm3TaB7wEI5Q4A2SHfBHE8w9gOhI/lrqxtEbXZgQIrHP+wvSGwQ==
  dependencies:
    regenerator-runtime "^0.13.2"

"@emotion/hash@^0.7.4":
  version "0.7.4"
  resolved "https://registry.yarnpkg.com/@emotion/hash/-/hash-0.7.4.tgz#f14932887422c9056b15a8d222a9074a7dfa2831"
  integrity sha512-fxfMSBMX3tlIbKUdtGKxqB1fyrH6gVrX39Gsv3y8lRYKUqlgDt3UMqQyGnR1bQMa2B8aGnhLZokZgg8vT0Le+A==

"@material-ui/core@^4.9.2":
  version "4.9.2"
  resolved "https://registry.yarnpkg.com/@material-ui/core/-/core-4.9.2.tgz#23c9a697af15d8daf56ffad1955b24209ef48106"
  integrity sha512-fSf/yBuE5GR7dA+FiQAAGY7HrCN/8RaYApi9tx3IKMiJIJkRCHk+E2lktgJZ+QRsaqCACLo2lwhU2CW5aeO0UQ==
  dependencies:
    "@babel/runtime" "^7.4.4"
    "@material-ui/styles" "^4.9.0"
    "@material-ui/system" "^4.9.1"
    "@material-ui/types" "^5.0.0"
    "@material-ui/utils" "^4.7.1"
    "@types/react-transition-group" "^4.2.0"
    clsx "^1.0.2"
    convert-css-length "^2.0.1"
    hoist-non-react-statics "^3.3.2"
    normalize-scroll-left "^0.2.0"
    popper.js "^1.14.1"
    prop-types "^15.7.2"
    react-is "^16.8.0"
    react-transition-group "^4.3.0"

"@material-ui/icons@^4.9.1":
  version "4.9.1"
  resolved "https://registry.yarnpkg.com/@material-ui/icons/-/icons-4.9.1.tgz#fdeadf8cb3d89208945b33dbc50c7c616d0bd665"
  integrity sha512-GBitL3oBWO0hzBhvA9KxqcowRUsA0qzwKkURyC8nppnC3fw54KPKZ+d4V1Eeg/UnDRSzDaI9nGCdel/eh9AQMg==
  dependencies:
    "@babel/runtime" "^7.4.4"

"@material-ui/styles@^4.9.0":
  version "4.9.0"
  resolved "https://registry.yarnpkg.com/@material-ui/styles/-/styles-4.9.0.tgz#10c31859f6868cfa9d3adf6b6c3e32c9d676bc76"
  integrity sha512-nJHum4RqYBPWsjL/9JET8Z02FZ9gSizlg/7LWVFpIthNzpK6OQ5OSRR4T4x9/p+wK3t1qNn3b1uI4XpnZaPxOA==
  dependencies:
    "@babel/runtime" "^7.4.4"
    "@emotion/hash" "^0.7.4"
    "@material-ui/types" "^5.0.0"
    "@material-ui/utils" "^4.7.1"
    clsx "^1.0.2"
    csstype "^2.5.2"
    hoist-non-react-statics "^3.2.1"
    jss "^10.0.3"
    jss-plugin-camel-case "^10.0.3"
    jss-plugin-default-unit "^10.0.3"
    jss-plugin-global "^10.0.3"
    jss-plugin-nested "^10.0.3"
    jss-plugin-props-sort "^10.0.3"
    jss-plugin-rule-value-function "^10.0.3"
    jss-plugin-vendor-prefixer "^10.0.3"
    prop-types "^15.7.2"

"@material-ui/system@^4.9.1":
  version "4.9.1"
  resolved "https://registry.yarnpkg.com/@material-ui/system/-/system-4.9.1.tgz#beb6595e1b164317340bdc5a629a6798fc35f82d"
  integrity sha512-CLrJK2aKNWNwruGVTRf+rLz96P4jmozpY2UaCE6hBTa1oGsQ396YXOQQABQ4c0igawmdyf5iQb0zs9j5zsAf1w==
  dependencies:
    "@babel/runtime" "^7.4.4"
    "@material-ui/utils" "^4.7.1"
    prop-types "^15.7.2"

"@material-ui/types@^5.0.0":
  version "5.0.0"
  resolved "https://registry.yarnpkg.com/@material-ui/types/-/types-5.0.0.tgz#26d6259dc6b39f4c2e1e9aceff7a11e031941741"
  integrity sha512-UeH2BuKkwDndtMSS0qgx1kCzSMw+ydtj0xx/XbFtxNSTlXydKwzs5gVW5ZKsFlAkwoOOQ9TIsyoCC8hq18tOwg==

"@material-ui/utils@^4.7.1":
  version "4.7.1"
  resolved "https://registry.yarnpkg.com/@material-ui/utils/-/utils-4.7.1.tgz#dc16c7f0d2cd02fbcdd5cfe601fd6863ae3cc652"
  integrity sha512-+ux0SlLdlehvzCk2zdQ3KiS3/ylWvuo/JwAGhvb8dFVvwR21K28z0PU9OQW2PGogrMEdvX3miEI5tGxTwwWiwQ==
  dependencies:
    "@babel/runtime" "^7.4.4"
    prop-types "^15.7.2"
    react-is "^16.8.0"

"@types/prop-types@*":
  version "15.7.3"
  resolved "https://registry.yarnpkg.com/@types/prop-types/-/prop-types-15.7.3.tgz#2ab0d5da2e5815f94b0b9d4b95d1e5f243ab2ca7"
  integrity sha512-KfRL3PuHmqQLOG+2tGpRO26Ctg+Cq1E01D2DMriKEATHgWLfeNDmq9e29Q9WIky0dQ3NPkd1mzYH8Lm936Z9qw==

"@types/react-dom@^16.9.5":
  version "16.9.5"
  resolved "https://registry.yarnpkg.com/@types/react-dom/-/react-dom-16.9.5.tgz#5de610b04a35d07ffd8f44edad93a71032d9aaa7"
  integrity sha512-BX6RQ8s9D+2/gDhxrj8OW+YD4R+8hj7FEM/OJHGNR0KipE1h1mSsf39YeyC81qafkq+N3rU3h3RFbLSwE5VqUg==
  dependencies:
    "@types/react" "*"

"@types/react-transition-group@^4.2.0":
  version "4.2.3"
  resolved "https://registry.yarnpkg.com/@types/react-transition-group/-/react-transition-group-4.2.3.tgz#4924133f7268694058e415bf7aea2d4c21131470"
  integrity sha512-Hk8jiuT7iLOHrcjKP/ZVSyCNXK73wJAUz60xm0mVhiRujrdiI++j4duLiL282VGxwAgxetHQFfqA29LgEeSkFA==
  dependencies:
    "@types/react" "*"

"@types/react@*", "@types/react@^16.9.19":
  version "16.9.19"
  resolved "https://registry.yarnpkg.com/@types/react/-/react-16.9.19.tgz#c842aa83ea490007d29938146ff2e4d9e4360c40"
  integrity sha512-LJV97//H+zqKWMms0kvxaKYJDG05U2TtQB3chRLF8MPNs+MQh/H1aGlyDUxjaHvu08EAGerdX2z4LTBc7ns77A==
  dependencies:
    "@types/prop-types" "*"
    csstype "^2.2.0"

ansi-styles@^3.2.1:
  version "3.2.1"
  resolved "https://registry.yarnpkg.com/ansi-styles/-/ansi-styles-3.2.1.tgz#41fbb20243e50b12be0f04b8dedbf07520ce841d"
  integrity sha512-VT0ZI6kZRdTh8YyJw3SMbYm/u+NqfsAxEpWO0Pf9sq8/e94WxxOpPKx9FR1FlyCtOVDNOQ+8ntlqFxiRc+r5qA==
  dependencies:
    color-convert "^1.9.0"

big.js@^5.2.2:
  version "5.2.2"
  resolved "https://registry.yarnpkg.com/big.js/-/big.js-5.2.2.tgz#65f0af382f578bcdc742bd9c281e9cb2d7768328"
  integrity sha512-vyL2OymJxmarO8gxMr0mhChsO9QGwhynfuu4+MHTAW6czfq9humCB7rKpUjDd9YUiDPU4mzpyupFSvOClAwbmQ==

braces@^3.0.1:
  version "3.0.2"
  resolved "https://registry.yarnpkg.com/braces/-/braces-3.0.2.tgz#3454e1a462ee8d599e236df336cd9ea4f8afe107"
  integrity sha512-b8um+L1RzM3WDSzvhm6gIz1yfTbBt6YTlcEKAvsmqCZZFw46z626lVj9j1yEPW33H5H+lBQpZMP1k8l+78Ha0A==
  dependencies:
    fill-range "^7.0.1"

chalk@^2.3.0:
  version "2.4.2"
  resolved "https://registry.yarnpkg.com/chalk/-/chalk-2.4.2.tgz#cd42541677a54333cf541a49108c1432b44c9424"
  integrity sha512-Mti+f9lpJNcwF4tWV8/OrTTtF1gZi+f8FqlyAdouralcFWFQWF2+NgCHShjkCb+IFBLq9buZwE1xckQU4peSuQ==
  dependencies:
    ansi-styles "^3.2.1"
    escape-string-regexp "^1.0.5"
    supports-color "^5.3.0"

clsx@^1.0.2:
  version "1.1.0"
  resolved "https://registry.yarnpkg.com/clsx/-/clsx-1.1.0.tgz#62937c6adfea771247c34b54d320fb99624f5702"
  integrity sha512-3avwM37fSK5oP6M5rQ9CNe99lwxhXDOeSWVPAOYF6OazUTgZCMb0yWlJpmdD74REy1gkEaFiub2ULv4fq9GUhA==

color-convert@^1.9.0:
  version "1.9.3"
  resolved "https://registry.yarnpkg.com/color-convert/-/color-convert-1.9.3.tgz#bb71850690e1f136567de629d2d5471deda4c1e8"
  integrity sha512-QfAUtd+vFdAtFQcC8CCyYt1fYWxSqAiK2cSD6zDB8N3cpsEBAvRxp9zOGg6G/SHHJYAT88/az/IuDGALsNVbGg==
  dependencies:
    color-name "1.1.3"

color-name@1.1.3:
  version "1.1.3"
  resolved "https://registry.yarnpkg.com/color-name/-/color-name-1.1.3.tgz#a7d0558bd89c42f795dd42328f740831ca53bc25"
  integrity sha1-p9BVi9icQveV3UIyj3QIMcpTvCU=

convert-css-length@^2.0.1:
  version "2.0.1"
  resolved "https://registry.yarnpkg.com/convert-css-length/-/convert-css-length-2.0.1.tgz#90a76bde5bfd24d72881a5b45d02249b2c1d257c"
  integrity sha512-iGpbcvhLPRKUbBc0Quxx7w/bV14AC3ItuBEGMahA5WTYqB8lq9jH0kTXFheCBASsYnqeMFZhiTruNxr1N59Axg==

core-util-is@~1.0.0:
  version "1.0.2"
  resolved "https://registry.yarnpkg.com/core-util-is/-/core-util-is-1.0.2.tgz#b5fd54220aa2bc5ab57aab7140c940754503c1a7"
  integrity sha1-tf1UIgqivFq1eqtxQMlAdUUDwac=

css-vendor@^2.0.7:
  version "2.0.7"
  resolved "https://registry.yarnpkg.com/css-vendor/-/css-vendor-2.0.7.tgz#4e6d53d953c187981576d6a542acc9fb57174bda"
  integrity sha512-VS9Rjt79+p7M0WkPqcAza4Yq1ZHrsHrwf7hPL/bjQB+c1lwmAI+1FXxYTYt818D/50fFVflw0XKleiBN5RITkg==
  dependencies:
    "@babel/runtime" "^7.6.2"
    is-in-browser "^1.0.2"

csstype@^2.2.0, csstype@^2.5.2, csstype@^2.6.5, csstype@^2.6.7:
  version "2.6.8"
  resolved "https://registry.yarnpkg.com/csstype/-/csstype-2.6.8.tgz#0fb6fc2417ffd2816a418c9336da74d7f07db431"
  integrity sha512-msVS9qTuMT5zwAGCVm4mxfrZ18BNc6Csd0oJAtiFMZ1FAx1CCvy2+5MDmYoix63LM/6NDbNtodCiGYGmFgO0dA==

dom-helpers@^5.0.1:
  version "5.1.3"
  resolved "https://registry.yarnpkg.com/dom-helpers/-/dom-helpers-5.1.3.tgz#7233248eb3a2d1f74aafca31e52c5299cc8ce821"
  integrity sha512-nZD1OtwfWGRBWlpANxacBEZrEuLa16o1nh7YopFWeoF68Zt8GGEmzHu6Xv4F3XaFIC+YXtTLrzgqKxFgLEe4jw==
  dependencies:
    "@babel/runtime" "^7.6.3"
    csstype "^2.6.7"

emojis-list@^2.0.0:
  version "2.1.0"
  resolved "https://registry.yarnpkg.com/emojis-list/-/emojis-list-2.1.0.tgz#4daa4d9db00f9819880c79fa457ae5b09a1fd389"
  integrity sha1-TapNnbAPmBmIDHn6RXrlsJof04k=

enhanced-resolve@^4.0.0:
  version "4.1.1"
  resolved "https://registry.yarnpkg.com/enhanced-resolve/-/enhanced-resolve-4.1.1.tgz#2937e2b8066cd0fe7ce0990a98f0d71a35189f66"
  integrity sha512-98p2zE+rL7/g/DzMHMTF4zZlCgeVdJ7yr6xzEpJRYwFYrGi9ANdn5DnJURg6RpBkyk60XYDnWIv51VfIhfNGuA==
  dependencies:
    graceful-fs "^4.1.2"
    memory-fs "^0.5.0"
    tapable "^1.0.0"

errno@^0.1.3:
  version "0.1.7"
  resolved "https://registry.yarnpkg.com/errno/-/errno-0.1.7.tgz#4684d71779ad39af177e3f007996f7c67c852618"
  integrity sha512-MfrRBDWzIWifgq6tJj60gkAwtLNb6sQPlcFrSOflcP1aFmmruKQ2wRnze/8V6kgyz7H3FF8Npzv78mZ7XLLflg==
  dependencies:
    prr "~1.0.1"

escape-string-regexp@^1.0.5:
  version "1.0.5"
  resolved "https://registry.yarnpkg.com/escape-string-regexp/-/escape-string-regexp-1.0.5.tgz#1b61c0562190a8dff6ae3bb2cf0200ca130b86d4"
  integrity sha1-G2HAViGQqN/2rjuyzwIAyhMLhtQ=

fill-range@^7.0.1:
  version "7.0.1"
  resolved "https://registry.yarnpkg.com/fill-range/-/fill-range-7.0.1.tgz#1919a6a7c75fe38b2c7c77e5198535da9acdda40"
  integrity sha512-qOo9F+dMUmC2Lcb4BbVvnKJxTPjCm+RRpe4gDuGrzkL7mEVl/djYSu2OdQ2Pa302N4oqkSg9ir6jaLWJ2USVpQ==
  dependencies:
    to-regex-range "^5.0.1"

graceful-fs@^4.1.2:
  version "4.2.3"
  resolved "https://registry.yarnpkg.com/graceful-fs/-/graceful-fs-4.2.3.tgz#4a12ff1b60376ef09862c2093edd908328be8423"
  integrity sha512-a30VEBm4PEdx1dRB7MFK7BejejvCvBronbLjht+sHuGYj8PHs7M/5Z+rt5lw551vZ7yfTCj4Vuyy3mSJytDWRQ==

has-flag@^3.0.0:
  version "3.0.0"
  resolved "https://registry.yarnpkg.com/has-flag/-/has-flag-3.0.0.tgz#b5d454dc2199ae225699f3467e5a07f3b955bafd"
  integrity sha1-tdRU3CGZriJWmfNGfloH87lVuv0=

hoist-non-react-statics@^3.2.1, hoist-non-react-statics@^3.3.2:
  version "3.3.2"
  resolved "https://registry.yarnpkg.com/hoist-non-react-statics/-/hoist-non-react-statics-3.3.2.tgz#ece0acaf71d62c2969c2ec59feff42a4b1a85b45"
  integrity sha512-/gGivxi8JPKWNm/W0jSmzcMPpfpPLc3dY/6GxhX2hQ9iGj3aDfklV4ET7NjKpSinLpJ5vafa9iiGIEZg10SfBw==
  dependencies:
    react-is "^16.7.0"

hyphenate-style-name@^1.0.3:
  version "1.0.3"
  resolved "https://registry.yarnpkg.com/hyphenate-style-name/-/hyphenate-style-name-1.0.3.tgz#097bb7fa0b8f1a9cf0bd5c734cf95899981a9b48"
  integrity sha512-EcuixamT82oplpoJ2XU4pDtKGWQ7b00CD9f1ug9IaQ3p1bkHMiKCZ9ut9QDI6qsa6cpUuB+A/I+zLtdNK4n2DQ==

inherits@~2.0.3:
  version "2.0.4"
  resolved "https://registry.yarnpkg.com/inherits/-/inherits-2.0.4.tgz#0fa2c64f932917c3433a0ded55363aae37416b7c"
  integrity sha512-k/vGaX4/Yla3WzyMCvTQOXYeIHvqOKtnqBduzTHpzpQZzAskKMhZ2K+EnBiSM9zGSoIFeMpXKxa4dYeZIQqewQ==

is-in-browser@^1.0.2, is-in-browser@^1.1.3:
  version "1.1.3"
  resolved "https://registry.yarnpkg.com/is-in-browser/-/is-in-browser-1.1.3.tgz#56ff4db683a078c6082eb95dad7dc62e1d04f835"
  integrity sha1-Vv9NtoOgeMYILrldrX3GLh0E+DU=

is-number@^7.0.0:
  version "7.0.0"
  resolved "https://registry.yarnpkg.com/is-number/-/is-number-7.0.0.tgz#7535345b896734d5f80c4d06c50955527a14f12b"
  integrity sha512-41Cifkg6e8TylSpdtTpeLVMqvSBEVzTttHvERD741+pnZ8ANv0004MRL43QKPDlK9cGvNp6NZWZUBlbGXYxxng==

isarray@~1.0.0:
  version "1.0.0"
  resolved "https://registry.yarnpkg.com/isarray/-/isarray-1.0.0.tgz#bb935d48582cba168c06834957a54a3e07124f11"
  integrity sha1-u5NdSFgsuhaMBoNJV6VKPgcSTxE=

"js-tokens@^3.0.0 || ^4.0.0":
  version "4.0.0"
  resolved "https://registry.yarnpkg.com/js-tokens/-/js-tokens-4.0.0.tgz#19203fb59991df98e3a287050d4647cdeaf32499"
  integrity sha512-RdJUflcE3cUzKiMqQgsCu06FPu9UdIJO0beYbPhHN4k6apgJtifcoCtT9bcxOpYBtpD2kCM6Sbzg4CausW/PKQ==

json5@^1.0.1:
  version "1.0.1"
  resolved "https://registry.yarnpkg.com/json5/-/json5-1.0.1.tgz#779fb0018604fa854eacbf6252180d83543e3dbe"
  integrity sha512-aKS4WQjPenRxiQsC93MNfjx+nbF4PAdYzmd/1JIj8HYzqfbu86beTuNgXDzPknWk0n0uARlyewZo4s++ES36Ow==
  dependencies:
    minimist "^1.2.0"

jss-plugin-camel-case@^10.0.3:
  version "10.0.4"
  resolved "https://registry.yarnpkg.com/jss-plugin-camel-case/-/jss-plugin-camel-case-10.0.4.tgz#3dedecec1e5bba0bf6141c2c05e2ab11ea4b468d"
  integrity sha512-+wnqxJsyfUnOn0LxVg3GgZBSjfBCrjxwx7LFxwVTUih0ceGaXKZoieheNOaTo5EM4w8bt1nbb8XonpQCj67C6A==
  dependencies:
    "@babel/runtime" "^7.3.1"
    hyphenate-style-name "^1.0.3"
    jss "10.0.4"

jss-plugin-default-unit@^10.0.3:
  version "10.0.4"
  resolved "https://registry.yarnpkg.com/jss-plugin-default-unit/-/jss-plugin-default-unit-10.0.4.tgz#df03885de20f20a1fc1c21bdb7c62e865ee400d9"
  integrity sha512-T0mhL/Ogp/quvod/jAHEqKvptLDxq7Cj3a+7zRuqK8HxUYkftptN89wJElZC3rshhNKiogkEYhCWenpJdFvTBg==
  dependencies:
    "@babel/runtime" "^7.3.1"
    jss "10.0.4"

jss-plugin-global@^10.0.3:
  version "10.0.4"
  resolved "https://registry.yarnpkg.com/jss-plugin-global/-/jss-plugin-global-10.0.4.tgz#412245b56133cc88bec654a70d82d5922619f4c5"
  integrity sha512-N8n9/GHENZce+sqE4UYiZiJtI+t+erT/BypHOrNYAfIoNEj7OYsOEKfIo2P0GpLB3QyDAYf5eo9XNdZ8veEkUA==
  dependencies:
    "@babel/runtime" "^7.3.1"
    jss "10.0.4"

jss-plugin-nested@^10.0.3:
  version "10.0.4"
  resolved "https://registry.yarnpkg.com/jss-plugin-nested/-/jss-plugin-nested-10.0.4.tgz#4d15ad13995fb6e4125618006473a096d2475d75"
  integrity sha512-QM21BKVt8LDeoRfowvAMh/s+/89VYrreIIE6ch4pvw0oAXDWw1iorUPlqLZ7uCO3UL0uFtQhJq3QMLN6Lr1v0A==
  dependencies:
    "@babel/runtime" "^7.3.1"
    jss "10.0.4"
    tiny-warning "^1.0.2"

jss-plugin-props-sort@^10.0.3:
  version "10.0.4"
  resolved "https://registry.yarnpkg.com/jss-plugin-props-sort/-/jss-plugin-props-sort-10.0.4.tgz#43c880ff8dfcf858f809f663ece5e65a1d945b5a"
  integrity sha512-WoETdOCjGskuin/OMt2uEdDPLZF3vfQuHXF+XUHGJrq0BAapoyGQDcv37SeReDlkRAbVXkEZPsIMvYrgHSHFiA==
  dependencies:
    "@babel/runtime" "^7.3.1"
    jss "10.0.4"

jss-plugin-rule-value-function@^10.0.3:
  version "10.0.4"
  resolved "https://registry.yarnpkg.com/jss-plugin-rule-value-function/-/jss-plugin-rule-value-function-10.0.4.tgz#2f4cf4a86ad3eba875bb48cb9f4a7ed35cb354e7"
  integrity sha512-0hrzOSWRF5ABJGaHrlnHbYZjU877Ofzfh2id3uLtBvemGQLHI+ldoL8/+6iPSRa7M8z8Ngfg2vfYhKjUA5gA0g==
  dependencies:
    "@babel/runtime" "^7.3.1"
    jss "10.0.4"

jss-plugin-vendor-prefixer@^10.0.3:
  version "10.0.4"
  resolved "https://registry.yarnpkg.com/jss-plugin-vendor-prefixer/-/jss-plugin-vendor-prefixer-10.0.4.tgz#1626ef612a4541cff17cf96815e1740155214ed2"
  integrity sha512-4JgEbcrdeMda1qvxTm1CnxFJAWVV++VLpP46HNTrfH7VhVlvUpihnUNs2gAlKuRT/XSBuiWeLAkrTqF4NVrPig==
  dependencies:
    "@babel/runtime" "^7.3.1"
    css-vendor "^2.0.7"
    jss "10.0.4"

jss@10.0.4, jss@^10.0.3:
  version "10.0.4"
  resolved "https://registry.yarnpkg.com/jss/-/jss-10.0.4.tgz#46ebdde1c40c9a079d64f3334cb88ae28fd90bfd"
  integrity sha512-GqHmeDK83qbqMAVjxyPfN1qJVTKZne533a9bdCrllZukUM8npG/k+JumEPI86IIB5ifaZAHG2HAsUziyxOiooQ==
  dependencies:
    "@babel/runtime" "^7.3.1"
    csstype "^2.6.5"
    is-in-browser "^1.1.3"
    tiny-warning "^1.0.2"

loader-utils@^1.0.2:
  version "1.2.3"
  resolved "https://registry.yarnpkg.com/loader-utils/-/loader-utils-1.2.3.tgz#1ff5dc6911c9f0a062531a4c04b609406108c2c7"
  integrity sha512-fkpz8ejdnEMG3s37wGL07iSBDg99O9D5yflE9RGNH3hRdx9SOwYfnGYdZOUIZitN8E+E2vkq3MUMYMvPYl5ZZA==
  dependencies:
    big.js "^5.2.2"
    emojis-list "^2.0.0"
    json5 "^1.0.1"

loose-envify@^1.1.0, loose-envify@^1.4.0:
  version "1.4.0"
  resolved "https://registry.yarnpkg.com/loose-envify/-/loose-envify-1.4.0.tgz#71ee51fa7be4caec1a63839f7e682d8132d30caf"
  integrity sha512-lyuxPGr/Wfhrlem2CL/UcnUc1zcqKAImBDzukY7Y5F/yQiNdko6+fRLevlw1HgMySw7f611UIY408EtxRSoK3Q==
  dependencies:
    js-tokens "^3.0.0 || ^4.0.0"

memory-fs@^0.5.0:
  version "0.5.0"
  resolved "https://registry.yarnpkg.com/memory-fs/-/memory-fs-0.5.0.tgz#324c01288b88652966d161db77838720845a8e3c"
  integrity sha512-jA0rdU5KoQMC0e6ppoNRtpp6vjFq6+NY7r8hywnC7V+1Xj/MtHwGIbB1QaK/dunyjWteJzmkpd7ooeWg10T7GA==
  dependencies:
    errno "^0.1.3"
    readable-stream "^2.0.1"

micromatch@^4.0.0:
  version "4.0.2"
  resolved "https://registry.yarnpkg.com/micromatch/-/micromatch-4.0.2.tgz#4fcb0999bf9fbc2fcbdd212f6d629b9a56c39259"
  integrity sha512-y7FpHSbMUMoyPbYUSzO6PaZ6FyRnQOpHuKwbo1G+Knck95XVU4QAiKdGEnj5wwoS7PlOgthX/09u5iFJ+aYf5Q==
  dependencies:
    braces "^3.0.1"
    picomatch "^2.0.5"

minimist@^1.2.0:
  version "1.2.0"
  resolved "https://registry.yarnpkg.com/minimist/-/minimist-1.2.0.tgz#a35008b20f41383eec1fb914f4cd5df79a264284"
  integrity sha1-o1AIsg9BOD7sH7kU9M1d95omQoQ=

normalize-scroll-left@^0.2.0:
  version "0.2.0"
  resolved "https://registry.yarnpkg.com/normalize-scroll-left/-/normalize-scroll-left-0.2.0.tgz#9445d74275f303cc661e113329aefa492f58114c"
  integrity sha512-t5oCENZJl8TGusJKoCJm7+asaSsPuNmK6+iEjrZ5TyBj2f02brCRsd4c83hwtu+e5d4LCSBZ0uoDlMjBo+A8yA==

object-assign@^4.1.1:
  version "4.1.1"
  resolved "https://registry.yarnpkg.com/object-assign/-/object-assign-4.1.1.tgz#2109adc7965887cfc05cbbd442cac8bfbb360863"
  integrity sha1-IQmtx5ZYh8/AXLvUQsrIv7s2CGM=

picomatch@^2.0.5:
  version "2.2.1"
  resolved "https://registry.yarnpkg.com/picomatch/-/picomatch-2.2.1.tgz#21bac888b6ed8601f831ce7816e335bc779f0a4a"
  integrity sha512-ISBaA8xQNmwELC7eOjqFKMESB2VIqt4PPDD0nsS95b/9dZXvVKOlz9keMSnoGGKcOHXfTvDD6WMaRoSc9UuhRA==

popper.js@^1.14.1:
  version "1.16.1"
  resolved "https://registry.yarnpkg.com/popper.js/-/popper.js-1.16.1.tgz#2a223cb3dc7b6213d740e40372be40de43e65b1b"
  integrity sha512-Wb4p1J4zyFTbM+u6WuO4XstYx4Ky9Cewe4DWrel7B0w6VVICvPwdOpotjzcf6eD8TsckVnIMNONQyPIUFOUbCQ==

process-nextick-args@~2.0.0:
  version "2.0.1"
  resolved "https://registry.yarnpkg.com/process-nextick-args/-/process-nextick-args-2.0.1.tgz#7820d9b16120cc55ca9ae7792680ae7dba6d7fe2"
  integrity sha512-3ouUOpQhtgrbOa17J7+uxOTpITYWaGP7/AhoR3+A+/1e9skrzelGi/dXzEYyvbxubEF6Wn2ypscTKiKJFFn1ag==

prop-types@^15.6.2, prop-types@^15.7.2:
  version "15.7.2"
  resolved "https://registry.yarnpkg.com/prop-types/-/prop-types-15.7.2.tgz#52c41e75b8c87e72b9d9360e0206b99dcbffa6c5"
  integrity sha512-8QQikdH7//R2vurIJSutZ1smHYTcLpRWEOlHnzcWHmBYrOGUysKwSsrC89BCiFj3CbrfJ/nXFdJepOVrY1GCHQ==
  dependencies:
    loose-envify "^1.4.0"
    object-assign "^4.1.1"
    react-is "^16.8.1"

prr@~1.0.1:
  version "1.0.1"
  resolved "https://registry.yarnpkg.com/prr/-/prr-1.0.1.tgz#d3fc114ba06995a45ec6893f484ceb1d78f5f476"
  integrity sha1-0/wRS6BplaRexok/SEzrHXj19HY=

react-is@^16.7.0, react-is@^16.8.0, react-is@^16.8.1:
  version "16.12.0"
  resolved "https://registry.yarnpkg.com/react-is/-/react-is-16.12.0.tgz#2cc0fe0fba742d97fd527c42a13bec4eeb06241c"
  integrity sha512-rPCkf/mWBtKc97aLL9/txD8DZdemK0vkA3JMLShjlJB3Pj3s+lpf1KaBzMfQrAmhMQB0n1cU/SUGgKKBCe837Q==

react-transition-group@^4.3.0:
  version "4.3.0"
  resolved "https://registry.yarnpkg.com/react-transition-group/-/react-transition-group-4.3.0.tgz#fea832e386cf8796c58b61874a3319704f5ce683"
  integrity sha512-1qRV1ZuVSdxPlPf4O8t7inxUGpdyO5zG9IoNfJxSO0ImU2A1YWkEQvFPuIPZmMLkg5hYs7vv5mMOyfgSkvAwvw==
  dependencies:
    "@babel/runtime" "^7.5.5"
    dom-helpers "^5.0.1"
    loose-envify "^1.4.0"
    prop-types "^15.6.2"

react@^16.12.0:
  version "16.12.0"
  resolved "https://registry.yarnpkg.com/react/-/react-16.12.0.tgz#0c0a9c6a142429e3614834d5a778e18aa78a0b83"
  integrity sha512-fglqy3k5E+81pA8s+7K0/T3DBCF0ZDOher1elBFzF7O6arXJgzyu/FW+COxFvAWXJoJN9KIZbT2LXlukwphYTA==
  dependencies:
    loose-envify "^1.1.0"
    object-assign "^4.1.1"
    prop-types "^15.6.2"

readable-stream@^2.0.1:
  version "2.3.7"
  resolved "https://registry.yarnpkg.com/readable-stream/-/readable-stream-2.3.7.tgz#1eca1cf711aef814c04f62252a36a62f6cb23b57"
  integrity sha512-Ebho8K4jIbHAxnuxi7o42OrZgF/ZTNcsZj6nRKyUmkhLFq8CHItp/fy6hQZuZmP/n3yZ9VBUbp4zz/mX8hmYPw==
  dependencies:
    core-util-is "~1.0.0"
    inherits "~2.0.3"
    isarray "~1.0.0"
    process-nextick-args "~2.0.0"
    safe-buffer "~5.1.1"
    string_decoder "~1.1.1"
    util-deprecate "~1.0.1"

regenerator-runtime@^0.13.2:
  version "0.13.3"
  resolved "https://registry.yarnpkg.com/regenerator-runtime/-/regenerator-runtime-0.13.3.tgz#7cf6a77d8f5c6f60eb73c5fc1955b2ceb01e6bf5"
  integrity sha512-naKIZz2GQ8JWh///G7L3X6LaQUAMp2lvb1rvwwsURe/VXwD6VMfr+/1NuNw3ag8v2kY1aQ/go5SNn79O9JU7yw==

safe-buffer@~5.1.0, safe-buffer@~5.1.1:
  version "5.1.2"
  resolved "https://registry.yarnpkg.com/safe-buffer/-/safe-buffer-5.1.2.tgz#991ec69d296e0313747d59bdfd2b745c35f8828d"
  integrity sha512-Gd2UZBJDkXlY7GbJxfsE8/nvKkUEU1G38c1siN6QP6a9PT9MmHB8GnpscSmMJSoF8LOIrt8ud/wPtojys4G6+g==

semver@^6.0.0:
  version "6.3.0"
  resolved "https://registry.yarnpkg.com/semver/-/semver-6.3.0.tgz#ee0a64c8af5e8ceea67687b133761e1becbd1d3d"
  integrity sha512-b39TBaTSfV6yBrapU89p5fKekE2m/NwnDocOVruQFS1/veMgdzuPcnOM34M6CwxW8jH/lxEa5rBoDeUwu5HHTw==

string_decoder@~1.1.1:
  version "1.1.1"
  resolved "https://registry.yarnpkg.com/string_decoder/-/string_decoder-1.1.1.tgz#9cf1611ba62685d7030ae9e4ba34149c3af03fc8"
  integrity sha512-n/ShnvDi6FHbbVfviro+WojiFzv+s8MPMHBczVePfUpDJLwoLT0ht1l4YwBCbi8pJAveEEdnkHyPyTP/mzRfwg==
  dependencies:
    safe-buffer "~5.1.0"

supports-color@^5.3.0:
  version "5.5.0"
  resolved "https://registry.yarnpkg.com/supports-color/-/supports-color-5.5.0.tgz#e2e69a44ac8772f78a1ec0b35b689df6530efc8f"
  integrity sha512-QjVjwdXIt408MIiAqCX4oUKsgU2EqAGzs2Ppkm4aQYbjm+ZEWEcW4SfFNTr4uMNZma0ey4f5lgLrkB0aX0QMow==
  dependencies:
    has-flag "^3.0.0"

tapable@^1.0.0:
  version "1.1.3"
  resolved "https://registry.yarnpkg.com/tapable/-/tapable-1.1.3.tgz#a1fccc06b58db61fd7a45da2da44f5f3a3e67ba2"
  integrity sha512-4WK/bYZmj8xLr+HUCODHGF1ZFzsYffasLUgEiMBY4fgtltdO6B4WJtlSbPaDTLpYTcGVwM2qLnFTICEcNxs3kA==

tiny-warning@^1.0.2:
  version "1.0.3"
  resolved "https://registry.yarnpkg.com/tiny-warning/-/tiny-warning-1.0.3.tgz#94a30db453df4c643d0fd566060d60a875d84754"
  integrity sha512-lBN9zLN/oAf68o3zNXYrdCt1kP8WsiGW8Oo2ka41b2IM5JL/S1CTyX1rW0mb/zSuJun0ZUrDxx4sqvYS2FWzPA==

to-regex-range@^5.0.1:
  version "5.0.1"
  resolved "https://registry.yarnpkg.com/to-regex-range/-/to-regex-range-5.0.1.tgz#1648c44aae7c8d988a326018ed72f5b4dd0392e4"
  integrity sha512-65P7iz6X5yEr1cwcgvQxbbIw7Uk3gOy5dIdtZ4rDveLqhrdJP+Li/Hx6tyK0NEb+2GCyneCMJiGqrADCSNk8sQ==
  dependencies:
    is-number "^7.0.0"

ts-loader@^6.2.1:
  version "6.2.1"
  resolved "https://registry.yarnpkg.com/ts-loader/-/ts-loader-6.2.1.tgz#67939d5772e8a8c6bdaf6277ca023a4812da02ef"
  integrity sha512-Dd9FekWuABGgjE1g0TlQJ+4dFUfYGbYcs52/HQObE0ZmUNjQlmLAS7xXsSzy23AMaMwipsx5sNHvoEpT2CZq1g==
  dependencies:
    chalk "^2.3.0"
    enhanced-resolve "^4.0.0"
    loader-utils "^1.0.2"
    micromatch "^4.0.0"
    semver "^6.0.0"

typescript@^3.7.5:
  version "3.7.5"
  resolved "https://registry.yarnpkg.com/typescript/-/typescript-3.7.5.tgz#0692e21f65fd4108b9330238aac11dd2e177a1ae"
  integrity sha512-/P5lkRXkWHNAbcJIiHPfRoKqyd7bsyCma1hZNUGfn20qm64T6ZBlrzprymeu918H+mB/0rIg2gGK/BXkhhYgBw==

util-deprecate@~1.0.1:
  version "1.0.2"
  resolved "https://registry.yarnpkg.com/util-deprecate/-/util-deprecate-1.0.2.tgz#450d4dc9fa70de732762fbd2d4a28981419a0ccf"
  integrity sha1-RQ1Nyfpw3nMnYvvS1KKJgUGaDM8=
